
Microsoft Visual Studio Solution File, Format Version 12.00
# Visual Studio Version 17
VisualStudioVersion = 17.13.35825.156
MinimumVisualStudioVersion = 10.0.40219.1
Project("{8BC9CEB8-8B4A-11D0-8D11-00A0C91BC942}") = "Triangle", "Triangle\Triangle.vcxproj", "{65377194-9F55-4DB0-860E-9B4297242CAB}"
EndProject
Project("{8BC9CEB8-8B4A-11D0-8D11-00A0C91BC942}") = "window", "window\window.vcxproj", "{39F4692B-B26F-4320-945F-9EDFAFE6FAF9}"
EndProject
Project("{8BC9CEB8-8B4A-11D0-8D11-00A0C91BC942}") = "color", "color\color.vcxproj", "{241EF3DA-CFCA-4965-8339-FD8D31AFF3CE}"
EndProject
Project("{8BC9CEB8-8B4A-11D0-8D11-00A0C91BC942}") = "Polygon", "Polygon\Polygon.vcxproj", "{F47C8795-224E-4D25-BC5A-39B4C82480D5}"
EndProject
Project("{8BC9CEB8-8B4A-11D0-8D11-00A0C91BC942}") = "Mesh", "Mesh\Mesh.vcxproj", "{7EC94E77-D54C-47C6-AF93-C9C9E837D4C9}"
EndProject
Project("{8BC9CEB8-8B4A-11D0-8D11-00A0C91BC942}") = "ConstantBuffer", "ConstantBuffer\ConstantBuffer.vcxproj", "{257430BD-AEB5-435C-A0D0-2DB7B15603C2}"
EndProject
Project("{8BC9CEB8-8B4A-11D0-8D11-00A0C91BC942}") = "Texture", "Texture\Texture.vcxproj", "{1EEE6B34-8B48-4FBB-B29B-01DD6C5F8914}"
EndProject
Project("{8BC9CEB8-8B4A-11D0-8D11-00A0C91BC942}") = "DDSTexture", "DDSTexture\DDSTexture.vcxproj", "{2289657A-667D-4F17-8820-86B0A7865627}"
EndProject
Project("{8BC9CEB8-8B4A-11D0-8D11-00A0C91BC942}") = "MVP", "MVP\MVP.vcxproj", "{E98010A4-F1C7-4F5F-959E-0813611A5918}"
EndProject
Project("{8BC9CEB8-8B4A-11D0-8D11-00A0C91BC942}") = "Multithreading", "Multithreading\Multithreading.vcxproj", "{9F3F197A-C484-4CB5-8E9B-2574E93A829C}"
EndProject
Project("{8BC9CEB8-8B4A-11D0-8D11-00A0C91BC942}") = "MultiGPU", "MultiGPU\MultiGPU.vcxproj", "{24382EE4-6EB4-43A1-9253-B04719410669}"
EndProject
Project("{8BC9CEB8-8B4A-11D0-8D11-00A0C91BC942}") = "Load_Image", "Load_Image\Load_Image.vcxproj", "{C1692B9A-8972-4B81-9D54-EDB0EF5938C5}"
EndProject
Project("{8BC9CEB8-8B4A-11D0-8D11-00A0C91BC942}") = "Sample", "Sample\Sample.vcxproj", "{0EEB0952-4174-4818-BD3D-A95F3FFB4B61}"
EndProject
Project("{8BC9CEB8-8B4A-11D0-8D11-00A0C91BC942}") = "bind", "bind\bind.vcxproj", "{EE387377-EDDA-4925-A149-11731CD914C5}"
EndProject
Project("{8BC9CEB8-8B4A-11D0-8D11-00A0C91BC942}") = "Assimpe_Animation", "Assimpe_Animation\Assimpe_Animation.vcxproj", "{19D9D6F9-A3D9-4CE1-A8CE-2D43B30D873D}"
EndProject
Global
	GlobalSection(SolutionConfigurationPlatforms) = preSolution
		Debug|x64 = Debug|x64
		Debug|x86 = Debug|x86
		Release|x64 = Release|x64
		Release|x86 = Release|x86
	EndGlobalSection
	GlobalSection(ProjectConfigurationPlatforms) = postSolution
		{65377194-9F55-4DB0-860E-9B4297242CAB}.Debug|x64.ActiveCfg = Debug|x64
		{65377194-9F55-4DB0-860E-9B4297242CAB}.Debug|x64.Build.0 = Debug|x64
		{65377194-9F55-4DB0-860E-9B4297242CAB}.Debug|x86.ActiveCfg = Debug|Win32
		{65377194-9F55-4DB0-860E-9B4297242CAB}.Debug|x86.Build.0 = Debug|Win32
		{65377194-9F55-4DB0-860E-9B4297242CAB}.Release|x64.ActiveCfg = Release|x64
		{65377194-9F55-4DB0-860E-9B4297242CAB}.Release|x64.Build.0 = Release|x64
		{65377194-9F55-4DB0-860E-9B4297242CAB}.Release|x86.ActiveCfg = Release|Win32
		{65377194-9F55-4DB0-860E-9B4297242CAB}.Release|x86.Build.0 = Release|Win32
		{39F4692B-B26F-4320-945F-9EDFAFE6FAF9}.Debug|x64.ActiveCfg = Debug|x64
		{39F4692B-B26F-4320-945F-9EDFAFE6FAF9}.Debug|x64.Build.0 = Debug|x64
		{39F4692B-B26F-4320-945F-9EDFAFE6FAF9}.Debug|x86.ActiveCfg = Debug|Win32
		{39F4692B-B26F-4320-945F-9EDFAFE6FAF9}.Debug|x86.Build.0 = Debug|Win32
		{39F4692B-B26F-4320-945F-9EDFAFE6FAF9}.Release|x64.ActiveCfg = Release|x64
		{39F4692B-B26F-4320-945F-9EDFAFE6FAF9}.Release|x64.Build.0 = Release|x64
		{39F4692B-B26F-4320-945F-9EDFAFE6FAF9}.Release|x86.ActiveCfg = Release|Win32
		{39F4692B-B26F-4320-945F-9EDFAFE6FAF9}.Release|x86.Build.0 = Release|Win32
		{241EF3DA-CFCA-4965-8339-FD8D31AFF3CE}.Debug|x64.ActiveCfg = Debug|x64
		{241EF3DA-CFCA-4965-8339-FD8D31AFF3CE}.Debug|x64.Build.0 = Debug|x64
		{241EF3DA-CFCA-4965-8339-FD8D31AFF3CE}.Debug|x86.ActiveCfg = Debug|Win32
		{241EF3DA-CFCA-4965-8339-FD8D31AFF3CE}.Debug|x86.Build.0 = Debug|Win32
		{241EF3DA-CFCA-4965-8339-FD8D31AFF3CE}.Release|x64.ActiveCfg = Release|x64
		{241EF3DA-CFCA-4965-8339-FD8D31AFF3CE}.Release|x64.Build.0 = Release|x64
		{241EF3DA-CFCA-4965-8339-FD8D31AFF3CE}.Release|x86.ActiveCfg = Release|Win32
		{241EF3DA-CFCA-4965-8339-FD8D31AFF3CE}.Release|x86.Build.0 = Release|Win32
		{F47C8795-224E-4D25-BC5A-39B4C82480D5}.Debug|x64.ActiveCfg = Debug|x64
		{F47C8795-224E-4D25-BC5A-39B4C82480D5}.Debug|x64.Build.0 = Debug|x64
		{F47C8795-224E-4D25-BC5A-39B4C82480D5}.Debug|x86.ActiveCfg = Debug|Win32
		{F47C8795-224E-4D25-BC5A-39B4C82480D5}.Debug|x86.Build.0 = Debug|Win32
		{F47C8795-224E-4D25-BC5A-39B4C82480D5}.Release|x64.ActiveCfg = Release|x64
		{F47C8795-224E-4D25-BC5A-39B4C82480D5}.Release|x64.Build.0 = Release|x64
		{F47C8795-224E-4D25-BC5A-39B4C82480D5}.Release|x86.ActiveCfg = Release|Win32
		{F47C8795-224E-4D25-BC5A-39B4C82480D5}.Release|x86.Build.0 = Release|Win32
		{7EC94E77-D54C-47C6-AF93-C9C9E837D4C9}.Debug|x64.ActiveCfg = Debug|x64
		{7EC94E77-D54C-47C6-AF93-C9C9E837D4C9}.Debug|x64.Build.0 = Debug|x64
		{7EC94E77-D54C-47C6-AF93-C9C9E837D4C9}.Debug|x86.ActiveCfg = Debug|Win32
		{7EC94E77-D54C-47C6-AF93-C9C9E837D4C9}.Debug|x86.Build.0 = Debug|Win32
		{7EC94E77-D54C-47C6-AF93-C9C9E837D4C9}.Release|x64.ActiveCfg = Release|x64
		{7EC94E77-D54C-47C6-AF93-C9C9E837D4C9}.Release|x64.Build.0 = Release|x64
		{7EC94E77-D54C-47C6-AF93-C9C9E837D4C9}.Release|x86.ActiveCfg = Release|Win32
		{7EC94E77-D54C-47C6-AF93-C9C9E837D4C9}.Release|x86.Build.0 = Release|Win32
		{257430BD-AEB5-435C-A0D0-2DB7B15603C2}.Debug|x64.ActiveCfg = Debug|x64
		{257430BD-AEB5-435C-A0D0-2DB7B15603C2}.Debug|x64.Build.0 = Debug|x64
		{257430BD-AEB5-435C-A0D0-2DB7B15603C2}.Debug|x86.ActiveCfg = Debug|Win32
		{257430BD-AEB5-435C-A0D0-2DB7B15603C2}.Debug|x86.Build.0 = Debug|Win32
		{257430BD-AEB5-435C-A0D0-2DB7B15603C2}.Release|x64.ActiveCfg = Release|x64
		{257430BD-AEB5-435C-A0D0-2DB7B15603C2}.Release|x64.Build.0 = Release|x64
		{257430BD-AEB5-435C-A0D0-2DB7B15603C2}.Release|x86.ActiveCfg = Release|Win32
		{257430BD-AEB5-435C-A0D0-2DB7B15603C2}.Release|x86.Build.0 = Release|Win32
		{1EEE6B34-8B48-4FBB-B29B-01DD6C5F8914}.Debug|x64.ActiveCfg = Debug|x64
		{1EEE6B34-8B48-4FBB-B29B-01DD6C5F8914}.Debug|x64.Build.0 = Debug|x64
		{1EEE6B34-8B48-4FBB-B29B-01DD6C5F8914}.Debug|x86.ActiveCfg = Debug|Win32
		{1EEE6B34-8B48-4FBB-B29B-01DD6C5F8914}.Debug|x86.Build.0 = Debug|Win32
		{1EEE6B34-8B48-4FBB-B29B-01DD6C5F8914}.Release|x64.ActiveCfg = Release|x64
		{1EEE6B34-8B48-4FBB-B29B-01DD6C5F8914}.Release|x64.Build.0 = Release|x64
		{1EEE6B34-8B48-4FBB-B29B-01DD6C5F8914}.Release|x86.ActiveCfg = Release|Win32
		{1EEE6B34-8B48-4FBB-B29B-01DD6C5F8914}.Release|x86.Build.0 = Release|Win32
		{2289657A-667D-4F17-8820-86B0A7865627}.Debug|x64.ActiveCfg = Debug|x64
		{2289657A-667D-4F17-8820-86B0A7865627}.Debug|x64.Build.0 = Debug|x64
		{2289657A-667D-4F17-8820-86B0A7865627}.Debug|x86.ActiveCfg = Debug|Win32
		{2289657A-667D-4F17-8820-86B0A7865627}.Debug|x86.Build.0 = Debug|Win32
		{2289657A-667D-4F17-8820-86B0A7865627}.Release|x64.ActiveCfg = Release|x64
		{2289657A-667D-4F17-8820-86B0A7865627}.Release|x64.Build.0 = Release|x64
		{2289657A-667D-4F17-8820-86B0A7865627}.Release|x86.ActiveCfg = Release|Win32
		{2289657A-667D-4F17-8820-86B0A7865627}.Release|x86.Build.0 = Release|Win32
		{E98010A4-F1C7-4F5F-959E-0813611A5918}.Debug|x64.ActiveCfg = Debug|x64
		{E98010A4-F1C7-4F5F-959E-0813611A5918}.Debug|x64.Build.0 = Debug|x64
		{E98010A4-F1C7-4F5F-959E-0813611A5918}.Debug|x86.ActiveCfg = Debug|Win32
		{E98010A4-F1C7-4F5F-959E-0813611A5918}.Debug|x86.Build.0 = Debug|Win32
		{E98010A4-F1C7-4F5F-959E-0813611A5918}.Release|x64.ActiveCfg = Release|x64
		{E98010A4-F1C7-4F5F-959E-0813611A5918}.Release|x64.Build.0 = Release|x64
		{E98010A4-F1C7-4F5F-959E-0813611A5918}.Release|x86.ActiveCfg = Release|Win32
		{E98010A4-F1C7-4F5F-959E-0813611A5918}.Release|x86.Build.0 = Release|Win32
		{9F3F197A-C484-4CB5-8E9B-2574E93A829C}.Debug|x64.ActiveCfg = Debug|x64
		{9F3F197A-C484-4CB5-8E9B-2574E93A829C}.Debug|x64.Build.0 = Debug|x64
		{9F3F197A-C484-4CB5-8E9B-2574E93A829C}.Debug|x86.ActiveCfg = Debug|Win32
		{9F3F197A-C484-4CB5-8E9B-2574E93A829C}.Debug|x86.Build.0 = Debug|Win32
		{9F3F197A-C484-4CB5-8E9B-2574E93A829C}.Release|x64.ActiveCfg = Release|x64
		{9F3F197A-C484-4CB5-8E9B-2574E93A829C}.Release|x64.Build.0 = Release|x64
		{9F3F197A-C484-4CB5-8E9B-2574E93A829C}.Release|x86.ActiveCfg = Release|Win32
		{9F3F197A-C484-4CB5-8E9B-2574E93A829C}.Release|x86.Build.0 = Release|Win32
		{24382EE4-6EB4-43A1-9253-B04719410669}.Debug|x64.ActiveCfg = Debug|x64
		{24382EE4-6EB4-43A1-9253-B04719410669}.Debug|x64.Build.0 = Debug|x64
		{24382EE4-6EB4-43A1-9253-B04719410669}.Debug|x86.ActiveCfg = Debug|Win32
		{24382EE4-6EB4-43A1-9253-B04719410669}.Debug|x86.Build.0 = Debug|Win32
		{24382EE4-6EB4-43A1-9253-B04719410669}.Release|x64.ActiveCfg = Release|x64
		{24382EE4-6EB4-43A1-9253-B04719410669}.Release|x64.Build.0 = Release|x64
		{24382EE4-6EB4-43A1-9253-B04719410669}.Release|x86.ActiveCfg = Release|Win32
		{24382EE4-6EB4-43A1-9253-B04719410669}.Release|x86.Build.0 = Release|Win32
		{C1692B9A-8972-4B81-9D54-EDB0EF5938C5}.Debug|x64.ActiveCfg = Debug|x64
		{C1692B9A-8972-4B81-9D54-EDB0EF5938C5}.Debug|x64.Build.0 = Debug|x64
		{C1692B9A-8972-4B81-9D54-EDB0EF5938C5}.Debug|x86.ActiveCfg = Debug|Win32
		{C1692B9A-8972-4B81-9D54-EDB0EF5938C5}.Debug|x86.Build.0 = Debug|Win32
		{C1692B9A-8972-4B81-9D54-EDB0EF5938C5}.Release|x64.ActiveCfg = Release|x64
		{C1692B9A-8972-4B81-9D54-EDB0EF5938C5}.Release|x64.Build.0 = Release|x64
		{C1692B9A-8972-4B81-9D54-EDB0EF5938C5}.Release|x86.ActiveCfg = Release|Win32
		{C1692B9A-8972-4B81-9D54-EDB0EF5938C5}.Release|x86.Build.0 = Release|Win32
		{0EEB0952-4174-4818-BD3D-A95F3FFB4B61}.Debug|x64.ActiveCfg = Debug|x64
		{0EEB0952-4174-4818-BD3D-A95F3FFB4B61}.Debug|x64.Build.0 = Debug|x64
		{0EEB0952-4174-4818-BD3D-A95F3FFB4B61}.Debug|x86.ActiveCfg = Debug|Win32
		{0EEB0952-4174-4818-BD3D-A95F3FFB4B61}.Debug|x86.Build.0 = Debug|Win32
		{0EEB0952-4174-4818-BD3D-A95F3FFB4B61}.Release|x64.ActiveCfg = Release|x64
		{0EEB0952-4174-4818-BD3D-A95F3FFB4B61}.Release|x64.Build.0 = Release|x64
		{0EEB0952-4174-4818-BD3D-A95F3FFB4B61}.Release|x86.ActiveCfg = Release|Win32
		{0EEB0952-4174-4818-BD3D-A95F3FFB4B61}.Release|x86.Build.0 = Release|Win32
		{EE387377-EDDA-4925-A149-11731CD914C5}.Debug|x64.ActiveCfg = Debug|x64
		{EE387377-EDDA-4925-A149-11731CD914C5}.Debug|x64.Build.0 = Debug|x64
		{EE387377-EDDA-4925-A149-11731CD914C5}.Debug|x86.ActiveCfg = Debug|Win32
		{EE387377-EDDA-4925-A149-11731CD914C5}.Debug|x86.Build.0 = Debug|Win32
		{EE387377-EDDA-4925-A149-11731CD914C5}.Release|x64.ActiveCfg = Release|x64
		{EE387377-EDDA-4925-A149-11731CD914C5}.Release|x64.Build.0 = Release|x64
		{EE387377-EDDA-4925-A149-11731CD914C5}.Release|x86.ActiveCfg = Release|Win32
		{EE387377-EDDA-4925-A149-11731CD914C5}.Release|x86.Build.0 = Release|Win32
		{19D9D6F9-A3D9-4CE1-A8CE-2D43B30D873D}.Debug|x64.ActiveCfg = Debug|x64
		{19D9D6F9-A3D9-4CE1-A8CE-2D43B30D873D}.Debug|x64.Build.0 = Debug|x64
		{19D9D6F9-A3D9-4CE1-A8CE-2D43B30D873D}.Debug|x86.ActiveCfg = Debug|Win32
		{19D9D6F9-A3D9-4CE1-A8CE-2D43B30D873D}.Debug|x86.Build.0 = Debug|Win32
		{19D9D6F9-A3D9-4CE1-A8CE-2D43B30D873D}.Release|x64.ActiveCfg = Release|x64
		{19D9D6F9-A3D9-4CE1-A8CE-2D43B30D873D}.Release|x64.Build.0 = Release|x64
		{19D9D6F9-A3D9-4CE1-A8CE-2D43B30D873D}.Release|x86.ActiveCfg = Release|Win32
		{19D9D6F9-A3D9-4CE1-A8CE-2D43B30D873D}.Release|x86.Build.0 = Release|Win32
	EndGlobalSection
	GlobalSection(SolutionProperties) = preSolution
		HideSolutionNode = FALSE
	EndGlobalSection
	GlobalSection(ExtensibilityGlobals) = postSolution
		SolutionGuid = {C9FACC09-BC35-4E34-88DE-F24481726B6C}
	EndGlobalSection
EndGlobal
